version = 1
revision = 2
requires-python = ">=3.13"

[[package]]
name = "cachetools"
version = "5.5.2"
source = { registry = "https://pypi.org/simple" }
sdist = { url = "https://files.pythonhosted.org/packages/6c/81/3747dad6b14fa2cf53fcf10548cf5aea6913e96fab41a3c198676f8948a5/cachetools-5.5.2.tar.gz", hash = "sha256:1a661caa9175d26759571b2e19580f9d6393969e5dfca11fdb1f947a23e640d4", size = 28380, upload-time = "2025-02-20T21:01:19.524Z" }
wheels = [
    { url = "https://files.pythonhosted.org/packages/72/76/20fa66124dbe6be5cafeb312ece67de6b61dd91a0247d1ea13db4ebb33c2/cachetools-5.5.2-py3-none-any.whl", hash = "sha256:d26a22bcc62eb95c3beabd9f1ee5e820d3d2704fe2967cbe350e20c8ffcd3f0a", size = 10080, upload-time = "2025-02-20T21:01:16.647Z" },
]

[[package]]
name = "deprecation"
version = "2.1.0"
source = { registry = "https://pypi.org/simple" }
dependencies = [
    { name = "packaging" },
]
sdist = { url = "https://files.pythonhosted.org/packages/5a/d3/8ae2869247df154b64c1884d7346d412fed0c49df84db635aab2d1c40e62/deprecation-2.1.0.tar.gz", hash = "sha256:72b3bde64e5d778694b0cf68178aed03d15e15477116add3fb773e581f9518ff", size = 173788, upload-time = "2020-04-20T14:23:38.738Z" }
wheels = [
    { url = "https://files.pythonhosted.org/packages/02/c3/253a89ee03fc9b9682f1541728eb66db7db22148cd94f89ab22528cd1e1b/deprecation-2.1.0-py2.py3-none-any.whl", hash = "sha256:a10811591210e1fb0e768a8c25517cabeabcba6f0bf96564f8ff45189f90b14a", size = 11178, upload-time = "2020-04-20T14:23:36.581Z" },
]

[[package]]
name = "gap-scanner"
version = "0.1.0"
source = { virtual = "." }
dependencies = [
    { name = "python-dotenv" },
    { name = "tinkoff-investments" },
]

[package.metadata]
requires-dist = [
    { name = "python-dotenv", specifier = ">=1.1.1" },
    { name = "tinkoff-investments", specifier = ">=0.2.0b115" },
]

[[package]]
name = "grpcio"
version = "1.73.1"
source = { registry = "https://pypi.org/simple" }
sdist = { url = "https://files.pythonhosted.org/packages/79/e8/b43b851537da2e2f03fa8be1aef207e5cbfb1a2e014fbb6b40d24c177cd3/grpcio-1.73.1.tar.gz", hash = "sha256:7fce2cd1c0c1116cf3850564ebfc3264fba75d3c74a7414373f1238ea365ef87", size = 12730355, upload-time = "2025-06-26T01:53:24.622Z" }
wheels = [
    { url = "https://files.pythonhosted.org/packages/37/bf/4ca20d1acbefabcaba633ab17f4244cbbe8eca877df01517207bd6655914/grpcio-1.73.1-cp313-cp313-linux_armv7l.whl", hash = "sha256:b310824ab5092cf74750ebd8a8a8981c1810cb2b363210e70d06ef37ad80d4f9", size = 5335615, upload-time = "2025-06-26T01:52:42.896Z" },
    { url = "https://files.pythonhosted.org/packages/75/ed/45c345f284abec5d4f6d77cbca9c52c39b554397eb7de7d2fcf440bcd049/grpcio-1.73.1-cp313-cp313-macosx_11_0_universal2.whl", hash = "sha256:8f5a6df3fba31a3485096ac85b2e34b9666ffb0590df0cd044f58694e6a1f6b5", size = 10595497, upload-time = "2025-06-26T01:52:44.695Z" },
    { url = "https://files.pythonhosted.org/packages/a4/75/bff2c2728018f546d812b755455014bc718f8cdcbf5c84f1f6e5494443a8/grpcio-1.73.1-cp313-cp313-manylinux_2_17_aarch64.whl", hash = "sha256:052e28fe9c41357da42250a91926a3e2f74c046575c070b69659467ca5aa976b", size = 5765321, upload-time = "2025-06-26T01:52:46.871Z" },
    { url = "https://files.pythonhosted.org/packages/70/3b/14e43158d3b81a38251b1d231dfb45a9b492d872102a919fbf7ba4ac20cd/grpcio-1.73.1-cp313-cp313-manylinux_2_17_i686.manylinux2014_i686.whl", hash = "sha256:1c0bf15f629b1497436596b1cbddddfa3234273490229ca29561209778ebe182", size = 6415436, upload-time = "2025-06-26T01:52:49.134Z" },
    { url = "https://files.pythonhosted.org/packages/e5/3f/81d9650ca40b54338336fd360f36773be8cb6c07c036e751d8996eb96598/grpcio-1.73.1-cp313-cp313-manylinux_2_17_x86_64.manylinux2014_x86_64.whl", hash = "sha256:0ab860d5bfa788c5a021fba264802e2593688cd965d1374d31d2b1a34cacd854", size = 6007012, upload-time = "2025-06-26T01:52:51.076Z" },
    { url = "https://files.pythonhosted.org/packages/55/f4/59edf5af68d684d0f4f7ad9462a418ac517201c238551529098c9aa28cb0/grpcio-1.73.1-cp313-cp313-musllinux_1_1_aarch64.whl", hash = "sha256:ad1d958c31cc91ab050bd8a91355480b8e0683e21176522bacea225ce51163f2", size = 6105209, upload-time = "2025-06-26T01:52:52.773Z" },
    { url = "https://files.pythonhosted.org/packages/e4/a8/700d034d5d0786a5ba14bfa9ce974ed4c976936c2748c2bd87aa50f69b36/grpcio-1.73.1-cp313-cp313-musllinux_1_1_i686.whl", hash = "sha256:f43ffb3bd415c57224c7427bfb9e6c46a0b6e998754bfa0d00f408e1873dcbb5", size = 6753655, upload-time = "2025-06-26T01:52:55.064Z" },
    { url = "https://files.pythonhosted.org/packages/1f/29/efbd4ac837c23bc48e34bbaf32bd429f0dc9ad7f80721cdb4622144c118c/grpcio-1.73.1-cp313-cp313-musllinux_1_1_x86_64.whl", hash = "sha256:686231cdd03a8a8055f798b2b54b19428cdf18fa1549bee92249b43607c42668", size = 6287288, upload-time = "2025-06-26T01:52:57.33Z" },
    { url = "https://files.pythonhosted.org/packages/d8/61/c6045d2ce16624bbe18b5d169c1a5ce4d6c3a47bc9d0e5c4fa6a50ed1239/grpcio-1.73.1-cp313-cp313-win32.whl", hash = "sha256:89018866a096e2ce21e05eabed1567479713ebe57b1db7cbb0f1e3b896793ba4", size = 3668151, upload-time = "2025-06-26T01:52:59.405Z" },
    { url = "https://files.pythonhosted.org/packages/c2/d7/77ac689216daee10de318db5aa1b88d159432dc76a130948a56b3aa671a2/grpcio-1.73.1-cp313-cp313-win_amd64.whl", hash = "sha256:4a68f8c9966b94dff693670a5cf2b54888a48a5011c5d9ce2295a1a1465ee84f", size = 4335747, upload-time = "2025-06-26T01:53:01.233Z" },
]

[[package]]
name = "packaging"
version = "25.0"
source = { registry = "https://pypi.org/simple" }
sdist = { url = "https://files.pythonhosted.org/packages/a1/d4/1fc4078c65507b51b96ca8f8c3ba19e6a61c8253c72794544580a7b6c24d/packaging-25.0.tar.gz", hash = "sha256:d443872c98d677bf60f6a1f2f8c1cb748e8fe762d2bf9d3148b5599295b0fc4f", size = 165727, upload-time = "2025-04-19T11:48:59.673Z" }
wheels = [
    { url = "https://files.pythonhosted.org/packages/20/12/38679034af332785aac8774540895e234f4d07f7545804097de4b666afd8/packaging-25.0-py3-none-any.whl", hash = "sha256:29572ef2b1f17581046b3a2227d5c611fb25ec70ca1ba8554b24b0e69331a484", size = 66469, upload-time = "2025-04-19T11:48:57.875Z" },
]

[[package]]
name = "protobuf"
version = "4.25.8"
source = { registry = "https://pypi.org/simple" }
sdist = { url = "https://files.pythonhosted.org/packages/df/01/34c8d2b6354906d728703cb9d546a0e534de479e25f1b581e4094c4a85cc/protobuf-4.25.8.tar.gz", hash = "sha256:6135cf8affe1fc6f76cced2641e4ea8d3e59518d1f24ae41ba97bcad82d397cd", size = 380920, upload-time = "2025-05-28T14:22:25.153Z" }
wheels = [
    { url = "https://files.pythonhosted.org/packages/45/ff/05f34305fe6b85bbfbecbc559d423a5985605cad5eda4f47eae9e9c9c5c5/protobuf-4.25.8-cp310-abi3-win32.whl", hash = "sha256:504435d831565f7cfac9f0714440028907f1975e4bed228e58e72ecfff58a1e0", size = 392745, upload-time = "2025-05-28T14:22:10.524Z" },
    { url = "https://files.pythonhosted.org/packages/08/35/8b8a8405c564caf4ba835b1fdf554da869954712b26d8f2a98c0e434469b/protobuf-4.25.8-cp310-abi3-win_amd64.whl", hash = "sha256:bd551eb1fe1d7e92c1af1d75bdfa572eff1ab0e5bf1736716814cdccdb2360f9", size = 413736, upload-time = "2025-05-28T14:22:13.156Z" },
    { url = "https://files.pythonhosted.org/packages/28/d7/ab27049a035b258dab43445eb6ec84a26277b16105b277cbe0a7698bdc6c/protobuf-4.25.8-cp37-abi3-macosx_10_9_universal2.whl", hash = "sha256:ca809b42f4444f144f2115c4c1a747b9a404d590f18f37e9402422033e464e0f", size = 394537, upload-time = "2025-05-28T14:22:14.768Z" },
    { url = "https://files.pythonhosted.org/packages/bd/6d/a4a198b61808dd3d1ee187082ccc21499bc949d639feb948961b48be9a7e/protobuf-4.25.8-cp37-abi3-manylinux2014_aarch64.whl", hash = "sha256:9ad7ef62d92baf5a8654fbb88dac7fa5594cfa70fd3440488a5ca3bfc6d795a7", size = 294005, upload-time = "2025-05-28T14:22:16.052Z" },
    { url = "https://files.pythonhosted.org/packages/d6/c6/c9deaa6e789b6fc41b88ccbdfe7a42d2b82663248b715f55aa77fbc00724/protobuf-4.25.8-cp37-abi3-manylinux2014_x86_64.whl", hash = "sha256:83e6e54e93d2b696a92cad6e6efc924f3850f82b52e1563778dfab8b355101b0", size = 294924, upload-time = "2025-05-28T14:22:17.105Z" },
    { url = "https://files.pythonhosted.org/packages/0c/c1/6aece0ab5209981a70cd186f164c133fdba2f51e124ff92b73de7fd24d78/protobuf-4.25.8-py3-none-any.whl", hash = "sha256:15a0af558aa3b13efef102ae6e4f3efac06f1eea11afb3a57db2901447d9fb59", size = 156757, upload-time = "2025-05-28T14:22:24.135Z" },
]

[[package]]
name = "python-dateutil"
version = "2.9.0.post0"
source = { registry = "https://pypi.org/simple" }
dependencies = [
    { name = "six" },
]
sdist = { url = "https://files.pythonhosted.org/packages/66/c0/0c8b6ad9f17a802ee498c46e004a0eb49bc148f2fd230864601a86dcf6db/python-dateutil-2.9.0.post0.tar.gz", hash = "sha256:37dd54208da7e1cd875388217d5e00ebd4179249f90fb72437e91a35459a0ad3", size = 342432, upload-time = "2024-03-01T18:36:20.211Z" }
wheels = [
    { url = "https://files.pythonhosted.org/packages/ec/57/56b9bcc3c9c6a792fcbaf139543cee77261f3651ca9da0c93f5c1221264b/python_dateutil-2.9.0.post0-py2.py3-none-any.whl", hash = "sha256:a8b2bc7bffae282281c8140a97d3aa9c14da0b136dfe83f850eea9a5f7470427", size = 229892, upload-time = "2024-03-01T18:36:18.57Z" },
]

[[package]]
name = "python-dotenv"
version = "1.1.1"
source = { registry = "https://pypi.org/simple" }
sdist = { url = "https://files.pythonhosted.org/packages/f6/b0/4bc07ccd3572a2f9df7e6782f52b0c6c90dcbb803ac4a167702d7d0dfe1e/python_dotenv-1.1.1.tar.gz", hash = "sha256:a8a6399716257f45be6a007360200409fce5cda2661e3dec71d23dc15f6189ab", size = 41978, upload-time = "2025-06-24T04:21:07.341Z" }
wheels = [
    { url = "https://files.pythonhosted.org/packages/5f/ed/539768cf28c661b5b068d66d96a2f155c4971a5d55684a514c1a0e0dec2f/python_dotenv-1.1.1-py3-none-any.whl", hash = "sha256:31f23644fe2602f88ff55e1f5c79ba497e01224ee7737937930c448e4d0e24dc", size = 20556, upload-time = "2025-06-24T04:21:06.073Z" },
]

[[package]]
name = "six"
version = "1.17.0"
source = { registry = "https://pypi.org/simple" }
sdist = { url = "https://files.pythonhosted.org/packages/94/e7/b2c673351809dca68a0e064b6af791aa332cf192da575fd474ed7d6f16a2/six-1.17.0.tar.gz", hash = "sha256:ff70335d468e7eb6ec65b95b99d3a2836546063f63acc5171de367e834932a81", size = 34031, upload-time = "2024-12-04T17:35:28.174Z" }
wheels = [
    { url = "https://files.pythonhosted.org/packages/b7/ce/149a00dd41f10bc29e5921b496af8b574d8413afcd5e30dfa0ed46c2cc5e/six-1.17.0-py2.py3-none-any.whl", hash = "sha256:4721f391ed90541fddacab5acf947aa0d3dc7d27b2e1e8eda2be8970586c3274", size = 11050, upload-time = "2024-12-04T17:35:26.475Z" },
]

[[package]]
name = "tinkoff"
version = "0.1.1"
source = { registry = "https://pypi.org/simple" }
sdist = { url = "https://files.pythonhosted.org/packages/f5/e6/5b8c871032a8eee12e6e0cfd45828dd6800ebdb0bd8b962529ca6c90943b/tinkoff-0.1.1.tar.gz", hash = "sha256:c947cb253f16cc3bf17c74b69c4236695850e42deffa69e5a3bb4089d2e3cdc7", size = 852, upload-time = "2022-01-18T16:55:18.756Z" }
wheels = [
    { url = "https://files.pythonhosted.org/packages/99/b6/0abbb6570ab7f8623a55ed9d8e2c05594d7944ecc0b335a89addfb8f40e1/tinkoff-0.1.1-py3-none-any.whl", hash = "sha256:971ec61e7a00c44deab5a959df93207dc7ff7b499ba335ead05ed9f974418ec1", size = 1037, upload-time = "2022-01-18T16:55:17.289Z" },
]

[[package]]
name = "tinkoff-investments"
version = "0.2.0b115"
source = { registry = "https://pypi.org/simple" }
dependencies = [
    { name = "cachetools" },
    { name = "deprecation" },
    { name = "grpcio" },
    { name = "protobuf" },
    { name = "python-dateutil" },
    { name = "tinkoff" },
]
sdist = { url = "https://files.pythonhosted.org/packages/62/bd/047f781bdc02097827daa2bef9096f84cc420a85443c6142862bb383e7b7/tinkoff_investments-0.2.0b115.tar.gz", hash = "sha256:3464945ef0da8b23b9cad78374d0850c7fe66961621b01a62627f10e578ea52f", size = 210451, upload-time = "2025-07-17T11:03:39.929Z" }
wheels = [
    { url = "https://files.pythonhosted.org/packages/bb/7b/fb02c9b08a4c7975392f641f94f8db949ad31d32cd42f3380e6b4de880b6/tinkoff_investments-0.2.0b115-py3-none-any.whl", hash = "sha256:a553327f11f6473d04a537b66157f38648e3d8a5b6313566d598ef6ba81f2bf7", size = 243520, upload-time = "2025-07-17T11:03:38.649Z" },
]
